
Microsoft Visual Studio Solution File, Format Version 12.00
# Visual Studio Version 17
VisualStudioVersion = 17.6.33829.357
MinimumVisualStudioVersion = 10.0.40219.1
Project("{FAE04EC0-301F-11D3-BF4B-00C04F79EFBC}") = "lap-AdoDotNetday1", "lap-AdoDotNetday1\lap-AdoDotNetday1.csproj", "{1BFA0573-02FA-4EE4-97E5-A124772E053C}"
EndProject
Global
	GlobalSection(SolutionConfigurationPlatforms) = preSolution
		Debug|Any CPU = Debug|Any CPU
		Release|Any CPU = Release|Any CPU
	EndGlobalSection
	GlobalSection(ProjectConfigurationPlatforms) = postSolution
		{1BFA0573-02FA-4EE4-97E5-A124772E053C}.Debug|Any CPU.ActiveCfg = Debug|Any CPU
		{1BFA0573-02FA-4EE4-97E5-A124772E053C}.Debug|Any CPU.Build.0 = Debug|Any CPU
		{1BFA0573-02FA-4EE4-97E5-A124772E053C}.Release|Any CPU.ActiveCfg = Release|Any CPU
		{1BFA0573-02FA-4EE4-97E5-A124772E053C}.Release|Any CPU.Build.0 = Release|Any CPU
	EndGlobalSection
	GlobalSection(SolutionProperties) = preSolution
		HideSolutionNode = FALSE
	EndGlobalSection
	GlobalSection(ExtensibilityGlobals) = postSolution
		SolutionGuid = {B8676E8F-6948-439B-B1C8-877F7BFE3013}
	EndGlobalSection
EndGlobal
